# Generated by pub
# See http://pub.dartlang.org/doc/glossary.html#lockfile
packages:
  browser:
    description: browser
    source: hosted
    version: "0.10.0+1"
  bson:
    description: bson
    source: hosted
    version: "0.1.15"
  clean_ajax:
    description: clean_ajax
    source: hosted
    version: "0.4.15"
  clean_backend:
    description: clean_backend
    source: hosted
    version: "0.4.0"
  clean_data:
    description: clean_data
    source: hosted
    version: "0.4.7"
  clean_router:
    description: clean_router
    source: hosted
    version: "0.3.3"
  clean_sync:
    description: clean_sync
    source: hosted
    version: "0.3.17"
  collection:
    description: collection
    source: hosted
    version: "0.9.1"
  crypto:
    description: crypto
    source: hosted
    version: "0.9.0"
  http_server:
    description: http_server
    source: hosted
    version: "0.9.1"
  js:
    description: js
    source: hosted
    version: "0.2.2"
  logging:
    description: logging
    source: hosted
    version: "0.9.1+1"
  matcher:
    description: matcher
    source: hosted
    version: "0.10.0"
  mime:
    description: mime
    source: hosted
    version: "0.9.0"
  mock:
    description: mock
    source: hosted
    version: "0.10.0"
  mongo_dart:
    description: mongo_dart
    source: hosted
    version: "0.1.38"
  mongo_dart_query:
    description: mongo_dart_query
    source: hosted
    version: "0.1.12"
  path:
    description: path
    source: hosted
    version: "1.1.0"
  quiver:
    description: quiver
    source: hosted
    version: "0.18.2"
  react:
    description: react
    source: hosted
    version: "0.3.4"
  stack_trace:
    description: stack_trace
    source: hosted
    version: "0.9.3"
  unittest:
    description: unittest
    source: hosted
    version: "0.10.1+1"
  useful:
    description: useful
    source: hosted
    version: "1.0.5"
